speakeasyVersion: 1.330.0
sources:
    dub:
        sourceNamespace: dub
        sourceRevisionDigest: sha256:46b79aca1de766da0c310610ef4c41cc1a81214eecb99e16e6f93641fceb5f98
        sourceBlobDigest: sha256:6496c0670754a9137f08e4e6a7286ba8bc8bc052124a1823dc2f10c3ae2c6731
        tags:
            - latest
            - main
targets:
    my-first-target:
        source: dub
        sourceNamespace: dub
        sourceRevisionDigest: sha256:46b79aca1de766da0c310610ef4c41cc1a81214eecb99e16e6f93641fceb5f98
        sourceBlobDigest: sha256:6496c0670754a9137f08e4e6a7286ba8bc8bc052124a1823dc2f10c3ae2c6731
        codeSamplesNamespace: code-samples-python-my-first-target
        codeSamplesRevisionDigest: sha256:c52774d6eaf5ed46ef16491808c92b32652d972633cfd3fcadfabd9afc14506c
        outLocation: /github/workspace/repo
workflow:
    workflowVersion: 1.0.0
    speakeasyVersion: latest
    sources:
        dub:
            inputs:
                - location: https://api.dub.co/
            registry:
                location: registry.speakeasyapi.dev/dub/dub/dub
    targets:
        my-first-target:
            target: python
            source: dub
            publish:
                pypi:
                    token: $pypi_token
            codeSamples:
                output: codeSamples.yaml
                registry:
                    location: registry.speakeasyapi.dev/dub/dub/code-samples-python-my-first-target
